
Microsoft Visual Studio Solution File, Format Version 12.00
# Visual Studio Version 17
VisualStudioVersion = 17.14.37614.0
MinimumVisualStudioVersion = 10.0.40219.1
Project("{FAE04EC0-301F-11D3-BF4B-00C04F79EFBC}") = "PZ2_VAR5", "PZ2_VAR5\PZ2_VAR5.csproj", "{2C894037-7034-4278-B0F4-6A7BBFD659D5}"
EndProject
Global
	GlobalSection(SolutionConfigurationPlatforms) = preSolution
		Debug|Any CPU = Debug|Any CPU
		Release|Any CPU = Release|Any CPU
	EndGlobalSection
	GlobalSection(ProjectConfigurationPlatforms) = postSolution
		{2C894037-7034-4278-B0F4-6A7BBFD659D5}.Debug|Any CPU.ActiveCfg = Debug|Any CPU
		{2C894037-7034-4278-B0F4-6A7BBFD659D5}.Debug|Any CPU.Build.0 = Debug|Any CPU
		{2C894037-7034-4278-B0F4-6A7BBFD659D5}.Release|Any CPU.ActiveCfg = Release|Any CPU
		{2C894037-7034-4278-B0F4-6A7BBFD659D5}.Release|Any CPU.Build.0 = Release|Any CPU
	EndGlobalSection
	GlobalSection(SolutionProperties) = preSolution
		HideSolutionNode = FALSE
	EndGlobalSection
	GlobalSection(ExtensibilityGlobals) = postSolution
		SolutionGuid = {CD4A7904-E5C9-490D-8598-A06F66AA955F}
	EndGlobalSection
EndGlobal
